
Microsoft Visual Studio Solution File, Format Version 12.00
# Visual Studio 2013
VisualStudioVersion = 12.0.31101.0
MinimumVisualStudioVersion = 10.0.40219.1
Project("{2150E333-8FDC-42A3-9474-1A3956D46DE8}") = "Solution Items", "Solution Items", "{DF1FAF15-9A33-4C9C-878F-3BE10EC5BBD6}"
EndProject
Project("{F184B08F-C81C-45F6-A57F-5ABD9991F28F}") = "DotNetNuke.Forum", "DotNetNuke.Forum.vbproj", "{86D23405-06B4-4018-867A-CDB3162F12D5}"
EndProject
Project("{FAE04EC0-301F-11D3-BF4B-00C04F79EFBC}") = "DotNetNuke.Forum.Library", "..\DotNetNuke.Forum.Library\DotNetNuke.Forum.Library.csproj", "{FE6FCA5D-5339-4732-91B3-74D906427E24}"
EndProject
Global
	GlobalSection(SolutionConfigurationPlatforms) = preSolution
		Debug|Any CPU = Debug|Any CPU
		Release|Any CPU = Release|Any CPU
	EndGlobalSection
	GlobalSection(ProjectConfigurationPlatforms) = postSolution
		{86D23405-06B4-4018-867A-CDB3162F12D5}.Debug|Any CPU.ActiveCfg = Debug|Any CPU
		{86D23405-06B4-4018-867A-CDB3162F12D5}.Debug|Any CPU.Build.0 = Debug|Any CPU
		{86D23405-06B4-4018-867A-CDB3162F12D5}.Release|Any CPU.ActiveCfg = Release|Any CPU
		{86D23405-06B4-4018-867A-CDB3162F12D5}.Release|Any CPU.Build.0 = Release|Any CPU
		{FE6FCA5D-5339-4732-91B3-74D906427E24}.Debug|Any CPU.ActiveCfg = Debug|Any CPU
		{FE6FCA5D-5339-4732-91B3-74D906427E24}.Debug|Any CPU.Build.0 = Debug|Any CPU
		{FE6FCA5D-5339-4732-91B3-74D906427E24}.Release|Any CPU.ActiveCfg = Release|Any CPU
		{FE6FCA5D-5339-4732-91B3-74D906427E24}.Release|Any CPU.Build.0 = Release|Any CPU
	EndGlobalSection
	GlobalSection(SolutionProperties) = preSolution
		HideSolutionNode = FALSE
	EndGlobalSection
EndGlobal
